{
  "object": {
    "pins": [
      {
        "package": "Chord",
        "repositoryURL": "https://github.com/OperatorFoundation/Chord",
        "state": {
          "branch": null,
          "revision": "25e5267c7dde0df1f7bcc285979f6302d46f7101",
          "version": "0.0.12"
        }
      },
      {
        "package": "Datable",
        "repositoryURL": "https://github.com/OperatorFoundation/Datable.git",
        "state": {
          "branch": null,
          "revision": "e2163df049181fc3ec710a4647f0109563cf490f",
          "version": "3.0.5"
        }
      },
      {
        "package": "Keychain",
        "repositoryURL": "https://github.com/OperatorFoundation/Keychain.git",
        "state": {
          "branch": null,
          "revision": "64c2e570f0cdb15beb879bdf1b3a9e01916f85d0",
          "version": "0.1.2"
        }
      },
      {
        "package": "Monolith",
        "repositoryURL": "https://github.com/OperatorFoundation/Monolith.git",
        "state": {
          "branch": null,
          "revision": "2f171762cc784ce5d7519c51e5590a40aa83f349",
          "version": "1.0.2"
        }
      },
      {
        "package": "Song",
        "repositoryURL": "https://github.com/OperatorFoundation/Song.git",
        "state": {
          "branch": null,
          "revision": "cd8ba924a7862c61cd8bf06154410d7e21a0381e",
          "version": "0.1.7"
        }
      },
      {
        "package": "swift-ast",
        "repositoryURL": "https://github.com/OperatorFoundation/swift-ast.git",
        "state": {
          "branch": null,
          "revision": "02a312f755760d583170eea8803c012776f68de1",
          "version": "0.19.10"
        }
      },
      {
        "package": "swift-log",
        "repositoryURL": "https://github.com/apple/swift-log.git",
        "state": {
          "branch": null,
          "revision": "5d66f7ba25daf4f94100e7022febf3c75e37a6c7",
          "version": "1.4.2"
        }
      },
      {
        "package": "SwiftQueue",
        "repositoryURL": "https://github.com/OperatorFoundation/SwiftQueue.git",
        "state": {
          "branch": null,
          "revision": "eaa39c586fddb49ad1e0e8b5b3e9b0aaf0b3be82",
          "version": "0.1.0"
        }
      },
      {
        "package": "Transmission",
        "repositoryURL": "https://github.com/OperatorFoundation/Transmission.git",
        "state": {
          "branch": null,
          "revision": "fa753bdc15c146d84688607096827618584af5aa",
          "version": "0.2.3"
        }
      },
      {
        "package": "Transport",
        "repositoryURL": "https://github.com/OperatorFoundation/Transport.git",
        "state": {
          "branch": null,
          "revision": "b5ac00eac45a2e57923540c1fd80c734fe160ffe",
          "version": "2.3.5"
        }
      }
    ]
  },
  "version": 1
}
